
Microsoft Visual Studio Solution File, Format Version 12.00
# Visual Studio Version 16
VisualStudioVersion = 16.0.29409.12
MinimumVisualStudioVersion = 10.0.40219.1
Project("{FAE04EC0-301F-11D3-BF4B-00C04F79EFBC}") = "Biblioteka", "Biblioteka\Biblioteka.csproj", "{9DF6B66D-BB10-4CD0-ABA7-E59AA3C77653}"
EndProject
Global
	GlobalSection(SolutionConfigurationPlatforms) = preSolution
		Debug|Any CPU = Debug|Any CPU
		Release|Any CPU = Release|Any CPU
	EndGlobalSection
	GlobalSection(ProjectConfigurationPlatforms) = postSolution
		{9DF6B66D-BB10-4CD0-ABA7-E59AA3C77653}.Debug|Any CPU.ActiveCfg = Debug|Any CPU
		{9DF6B66D-BB10-4CD0-ABA7-E59AA3C77653}.Debug|Any CPU.Build.0 = Debug|Any CPU
		{9DF6B66D-BB10-4CD0-ABA7-E59AA3C77653}.Release|Any CPU.ActiveCfg = Release|Any CPU
		{9DF6B66D-BB10-4CD0-ABA7-E59AA3C77653}.Release|Any CPU.Build.0 = Release|Any CPU
	EndGlobalSection
	GlobalSection(SolutionProperties) = preSolution
		HideSolutionNode = FALSE
	EndGlobalSection
	GlobalSection(ExtensibilityGlobals) = postSolution
		SolutionGuid = {FCBC8C66-2537-4267-AC7E-B14B462FF4FF}
	EndGlobalSection
EndGlobal
